{
  "name": "servicosdigitaismodelohtlm",
  "version": "1.0.0",
  "lockfileVersion": 2,
  "requires": true,
  "packages": {
    "": {
      "name": "servicosdigitaismodelohtlm",
      "version": "1.0.0",
      "license": "ISC",
      "dependencies": {
        "accessibility": "^3.0.14"
      }
    },
    "node_modules/accessibility": {
      "version": "3.0.14",
      "resolved": "https://registry.npmjs.org/accessibility/-/accessibility-3.0.14.tgz",
      "integrity": "sha512-HFl+ihOXrGARzMtP/OspwR/FvjCJdpaNd5qh6ysLTrza73vLcwTC5UHj3NphxUGWfcgRBZfSdXeH1s00nGba7Q=="
    }
  },
  "dependencies": {
    "accessibility": {
      "version": "3.0.14",
      "resolved": "https://registry.npmjs.org/accessibility/-/accessibility-3.0.14.tgz",
      "integrity": "sha512-HFl+ihOXrGARzMtP/OspwR/FvjCJdpaNd5qh6ysLTrza73vLcwTC5UHj3NphxUGWfcgRBZfSdXeH1s00nGba7Q=="
    }
  }
}
